
Microsoft Visual Studio Solution File, Format Version 12.00
# Visual Studio Version 17
VisualStudioVersion = 17.9.34701.34
MinimumVisualStudioVersion = 10.0.40219.1
Project("{FAE04EC0-301F-11D3-BF4B-00C04F79EFBC}") = "MatchGame", "MatchGame\MatchGame.csproj", "{05E9D373-8050-4CB5-B715-A58A05CD3337}"
EndProject
Global
	GlobalSection(SolutionConfigurationPlatforms) = preSolution
		Debug|Any CPU = Debug|Any CPU
		Release|Any CPU = Release|Any CPU
	EndGlobalSection
	GlobalSection(ProjectConfigurationPlatforms) = postSolution
		{05E9D373-8050-4CB5-B715-A58A05CD3337}.Debug|Any CPU.ActiveCfg = Debug|Any CPU
		{05E9D373-8050-4CB5-B715-A58A05CD3337}.Debug|Any CPU.Build.0 = Debug|Any CPU
		{05E9D373-8050-4CB5-B715-A58A05CD3337}.Release|Any CPU.ActiveCfg = Release|Any CPU
		{05E9D373-8050-4CB5-B715-A58A05CD3337}.Release|Any CPU.Build.0 = Release|Any CPU
	EndGlobalSection
	GlobalSection(SolutionProperties) = preSolution
		HideSolutionNode = FALSE
	EndGlobalSection
	GlobalSection(ExtensibilityGlobals) = postSolution
		SolutionGuid = {059B3C70-D776-4D4A-97E1-B07FFEF664F7}
	EndGlobalSection
EndGlobal
